// !$*UTF8*$!
{
	archiveVersion = 1;
	classes = {
	};
	objectVersion = 77;
	objects = {

/* Begin PBXBuildFile section */
		CE88E1E62D9D0FFB00D10196 /* PustaklayaWidgitExtension.appex in Embed Foundation Extensions */ = {isa = PBXBuildFile; fileRef = CE88E1D52D9D0FF800D10196 /* PustaklayaWidgitExtension.appex */; settings = {ATTRIBUTES = (RemoveHeadersOnCopy, ); }; };
		CE88E1F92D9D291A00D10196 /* SwiftUI.framework in Frameworks */ = {isa = PBXBuildFile; fileRef = CE356EF72D9D00DC00E0E9E4 /* SwiftUI.framework */; };
		CE88E1FA2D9D291A00D10196 /* SwiftUI.framework in Embed Frameworks */ = {isa = PBXBuildFile; fileRef = CE356EF72D9D00DC00E0E9E4 /* SwiftUI.framework */; settings = {ATTRIBUTES = (CodeSignOnCopy, RemoveHeadersOnCopy, ); }; };
		CE88E1FC2D9D291C00D10196 /* WidgetKit.framework in Frameworks */ = {isa = PBXBuildFile; fileRef = CE356EF52D9D00DC00E0E9E4 /* WidgetKit.framework */; };
		CE88E1FD2D9D291C00D10196 /* WidgetKit.framework in Embed Frameworks */ = {isa = PBXBuildFile; fileRef = CE356EF52D9D00DC00E0E9E4 /* WidgetKit.framework */; settings = {ATTRIBUTES = (CodeSignOnCopy, RemoveHeadersOnCopy, ); }; };
		CECF48EC2D94756F00B37944 /* SwiftSMTP in Frameworks */ = {isa = PBXBuildFile; productRef = CECF48EB2D94756F00B37944 /* SwiftSMTP */; };
		CECF48EF2D94759000B37944 /* Auth in Frameworks */ = {isa = PBXBuildFile; productRef = CECF48EE2D94759000B37944 /* Auth */; };
		CECF48F12D94759000B37944 /* Functions in Frameworks */ = {isa = PBXBuildFile; productRef = CECF48F02D94759000B37944 /* Functions */; };
		CECF48F32D94759000B37944 /* PostgREST in Frameworks */ = {isa = PBXBuildFile; productRef = CECF48F22D94759000B37944 /* PostgREST */; };
		CECF48F52D94759000B37944 /* Realtime in Frameworks */ = {isa = PBXBuildFile; productRef = CECF48F42D94759000B37944 /* Realtime */; };
		CECF48F72D94759000B37944 /* Storage in Frameworks */ = {isa = PBXBuildFile; productRef = CECF48F62D94759000B37944 /* Storage */; };
		CECF48F92D94759100B37944 /* Supabase in Frameworks */ = {isa = PBXBuildFile; productRef = CECF48F82D94759100B37944 /* Supabase */; };
/* End PBXBuildFile section */

/* Begin PBXContainerItemProxy section */
		CE88E1E42D9D0FFB00D10196 /* PBXContainerItemProxy */ = {
			isa = PBXContainerItemProxy;
			containerPortal = CE8AE2A22D888E2C001A93FF /* Project object */;
			proxyType = 1;
			remoteGlobalIDString = CE88E1D42D9D0FF800D10196;
			remoteInfo = PustaklayaWidgitExtension;
		};
/* End PBXContainerItemProxy section */

/* Begin PBXCopyFilesBuildPhase section */
		CE356F0E2D9D00DE00E0E9E4 /* Embed Foundation Extensions */ = {
			isa = PBXCopyFilesBuildPhase;
			buildActionMask = 2147483647;
			dstPath = "";
			dstSubfolderSpec = 13;
			files = (
				CE88E1E62D9D0FFB00D10196 /* PustaklayaWidgitExtension.appex in Embed Foundation Extensions */,
			);
			name = "Embed Foundation Extensions";
			runOnlyForDeploymentPostprocessing = 0;
		};
		CE88E1FB2D9D291A00D10196 /* Embed Frameworks */ = {
			isa = PBXCopyFilesBuildPhase;
			buildActionMask = 2147483647;
			dstPath = "";
			dstSubfolderSpec = 10;
			files = (
				CE88E1FA2D9D291A00D10196 /* SwiftUI.framework in Embed Frameworks */,
				CE88E1FD2D9D291C00D10196 /* WidgetKit.framework in Embed Frameworks */,
			);
			name = "Embed Frameworks";
			runOnlyForDeploymentPostprocessing = 0;
		};
/* End PBXCopyFilesBuildPhase section */

/* Begin PBXFileReference section */
		8E1EF4632D9DB8A70067EFD6 /* PustaklayaWidgitExtension.entitlements */ = {isa = PBXFileReference; lastKnownFileType = text.plist.entitlements; path = PustaklayaWidgitExtension.entitlements; sourceTree = "<group>"; };
		CE356EF52D9D00DC00E0E9E4 /* WidgetKit.framework */ = {isa = PBXFileReference; lastKnownFileType = wrapper.framework; name = WidgetKit.framework; path = System/Library/Frameworks/WidgetKit.framework; sourceTree = SDKROOT; };
		CE356EF72D9D00DC00E0E9E4 /* SwiftUI.framework */ = {isa = PBXFileReference; lastKnownFileType = wrapper.framework; name = SwiftUI.framework; path = System/Library/Frameworks/SwiftUI.framework; sourceTree = SDKROOT; };
		CE88E1D52D9D0FF800D10196 /* PustaklayaWidgitExtension.appex */ = {isa = PBXFileReference; explicitFileType = "wrapper.app-extension"; includeInIndex = 0; path = PustaklayaWidgitExtension.appex; sourceTree = BUILT_PRODUCTS_DIR; };
		CE8AE2AA2D888E2C001A93FF /* LMS.app */ = {isa = PBXFileReference; explicitFileType = wrapper.application; includeInIndex = 0; path = LMS.app; sourceTree = BUILT_PRODUCTS_DIR; };
/* End PBXFileReference section */

/* Begin PBXFileSystemSynchronizedBuildFileExceptionSet section */
		8E07DDD42D9DB4F6008B5732 /* Exceptions for "PustaklayaWidgit" folder in "LMS" target */ = {
			isa = PBXFileSystemSynchronizedBuildFileExceptionSet;
			membershipExceptions = (
				AppIntent.swift,
				Assets.xcassets,
				Info.plist,
				ISBNScannerWidget.swift,
				PustaklayaWidgit.swift,
				PustaklayaWidgitBundle.swift,
				PustaklayaWidgitControl.swift,
				QRScannerWidget.swift,
				WidgetConfig.swift,
				WidgetRegistry.swift,
			);
			target = CE8AE2A92D888E2C001A93FF /* LMS */;
		};
		8E07DDD82D9DB7C7008B5732 /* Exceptions for "PustaklayaWidgit" folder in "PustaklayaWidgitExtension" target */ = {
			isa = PBXFileSystemSynchronizedBuildFileExceptionSet;
			membershipExceptions = (
				Info.plist,
			);
			target = CE88E1D42D9D0FF800D10196 /* PustaklayaWidgitExtension */;
		};
		F57897B22D8BD49C00B36B63 /* Exceptions for "LMS" folder in "LMS" target */ = {
			isa = PBXFileSystemSynchronizedBuildFileExceptionSet;
			membershipExceptions = (
				Info.plist,
			);
			target = CE8AE2A92D888E2C001A93FF /* LMS */;
		};
/* End PBXFileSystemSynchronizedBuildFileExceptionSet section */

/* Begin PBXFileSystemSynchronizedRootGroup section */
		CE88E1D82D9D0FF800D10196 /* PustaklayaWidgit */ = {
			isa = PBXFileSystemSynchronizedRootGroup;
			exceptions = (
				8E07DDD42D9DB4F6008B5732 /* Exceptions for "PustaklayaWidgit" folder in "LMS" target */,
				8E07DDD82D9DB7C7008B5732 /* Exceptions for "PustaklayaWidgit" folder in "PustaklayaWidgitExtension" target */,
			);
			path = PustaklayaWidgit;
			sourceTree = "<group>";
		};
		CE8AE2AC2D888E2C001A93FF /* LMS */ = {
			isa = PBXFileSystemSynchronizedRootGroup;
			exceptions = (
				F57897B22D8BD49C00B36B63 /* Exceptions for "LMS" folder in "LMS" target */,
			);
			path = LMS;
			sourceTree = "<group>";
		};
/* End PBXFileSystemSynchronizedRootGroup section */

/* Begin PBXFrameworksBuildPhase section */
		CE88E1D22D9D0FF800D10196 /* Frameworks */ = {
			isa = PBXFrameworksBuildPhase;
			buildActionMask = 2147483647;
			files = (
				CE88E1F92D9D291A00D10196 /* SwiftUI.framework in Frameworks */,
				CE88E1FC2D9D291C00D10196 /* WidgetKit.framework in Frameworks */,
			);
			runOnlyForDeploymentPostprocessing = 0;
		};
		CE8AE2A72D888E2C001A93FF /* Frameworks */ = {
			isa = PBXFrameworksBuildPhase;
			buildActionMask = 2147483647;
			files = (
				CECF48F92D94759100B37944 /* Supabase in Frameworks */,
				CECF48F72D94759000B37944 /* Storage in Frameworks */,
				CECF48F32D94759000B37944 /* PostgREST in Frameworks */,
				CECF48F12D94759000B37944 /* Functions in Frameworks */,
				CECF48EF2D94759000B37944 /* Auth in Frameworks */,
				CECF48F52D94759000B37944 /* Realtime in Frameworks */,
				CECF48EC2D94756F00B37944 /* SwiftSMTP in Frameworks */,
			);
			runOnlyForDeploymentPostprocessing = 0;
		};
/* End PBXFrameworksBuildPhase section */

/* Begin PBXGroup section */
		CE8AE2A12D888E2C001A93FF = {
			isa = PBXGroup;
			children = (
				8E1EF4632D9DB8A70067EFD6 /* PustaklayaWidgitExtension.entitlements */,
				CE8AE2AC2D888E2C001A93FF /* LMS */,
				CE88E1D82D9D0FF800D10196 /* PustaklayaWidgit */,
				F57897252D8AD1A600B36B63 /* Frameworks */,
				CE8AE2AB2D888E2C001A93FF /* Products */,
			);
			sourceTree = "<group>";
		};
		CE8AE2AB2D888E2C001A93FF /* Products */ = {
			isa = PBXGroup;
			children = (
				CE8AE2AA2D888E2C001A93FF /* LMS.app */,
				CE88E1D52D9D0FF800D10196 /* PustaklayaWidgitExtension.appex */,
			);
			name = Products;
			sourceTree = "<group>";
		};
		F57897252D8AD1A600B36B63 /* Frameworks */ = {
			isa = PBXGroup;
			children = (
				CE356EF52D9D00DC00E0E9E4 /* WidgetKit.framework */,
				CE356EF72D9D00DC00E0E9E4 /* SwiftUI.framework */,
			);
			name = Frameworks;
			sourceTree = "<group>";
		};
/* End PBXGroup section */

/* Begin PBXNativeTarget section */
		CE88E1D42D9D0FF800D10196 /* PustaklayaWidgitExtension */ = {
			isa = PBXNativeTarget;
			buildConfigurationList = CE88E1E72D9D0FFB00D10196 /* Build configuration list for PBXNativeTarget "PustaklayaWidgitExtension" */;
			buildPhases = (
				CE88E1D12D9D0FF800D10196 /* Sources */,
				CE88E1D22D9D0FF800D10196 /* Frameworks */,
				CE88E1D32D9D0FF800D10196 /* Resources */,
				CE88E1FB2D9D291A00D10196 /* Embed Frameworks */,
			);
			buildRules = (
			);
			dependencies = (
			);
			fileSystemSynchronizedGroups = (
				CE88E1D82D9D0FF800D10196 /* PustaklayaWidgit */,
			);
			name = PustaklayaWidgitExtension;
			packageProductDependencies = (
			);
			productName = PustaklayaWidgitExtension;
			productReference = CE88E1D52D9D0FF800D10196 /* PustaklayaWidgitExtension.appex */;
			productType = "com.apple.product-type.app-extension";
		};
		CE8AE2A92D888E2C001A93FF /* LMS */ = {
			isa = PBXNativeTarget;
			buildConfigurationList = CE8AE2B82D888E2E001A93FF /* Build configuration list for PBXNativeTarget "LMS" */;
			buildPhases = (
				CE8AE2A62D888E2C001A93FF /* Sources */,
				CE8AE2A72D888E2C001A93FF /* Frameworks */,
				CE8AE2A82D888E2C001A93FF /* Resources */,
				CE356F0E2D9D00DE00E0E9E4 /* Embed Foundation Extensions */,
			);
			buildRules = (
			);
			dependencies = (
				CE88E1E52D9D0FFB00D10196 /* PBXTargetDependency */,
			);
			fileSystemSynchronizedGroups = (
				CE88E1D82D9D0FF800D10196 /* PustaklayaWidgit */,
				CE8AE2AC2D888E2C001A93FF /* LMS */,
			);
			name = LMS;
			packageProductDependencies = (
				CECF48EB2D94756F00B37944 /* SwiftSMTP */,
				CECF48EE2D94759000B37944 /* Auth */,
				CECF48F02D94759000B37944 /* Functions */,
				CECF48F22D94759000B37944 /* PostgREST */,
				CECF48F42D94759000B37944 /* Realtime */,
				CECF48F62D94759000B37944 /* Storage */,
				CECF48F82D94759100B37944 /* Supabase */,
			);
			productName = LMS;
			productReference = CE8AE2AA2D888E2C001A93FF /* LMS.app */;
			productType = "com.apple.product-type.application";
		};
/* End PBXNativeTarget section */

/* Begin PBXProject section */
		CE8AE2A22D888E2C001A93FF /* Project object */ = {
			isa = PBXProject;
			attributes = {
				BuildIndependentTargetsInParallel = 1;
				LastSwiftUpdateCheck = 1630;
				LastUpgradeCheck = 1630;
				TargetAttributes = {
					CE88E1D42D9D0FF800D10196 = {
						CreatedOnToolsVersion = 16.3;
					};
					CE8AE2A92D888E2C001A93FF = {
						CreatedOnToolsVersion = 16.2;
					};
				};
			};
			buildConfigurationList = CE8AE2A52D888E2C001A93FF /* Build configuration list for PBXProject "LMS" */;
			developmentRegion = en;
			hasScannedForEncodings = 0;
			knownRegions = (
				en,
				Base,
				es,
			);
			mainGroup = CE8AE2A12D888E2C001A93FF;
			minimizedProjectReferenceProxies = 1;
			packageReferences = (
				CECF48EA2D94756F00B37944 /* XCRemoteSwiftPackageReference "Swift-SMTP" */,
				CECF48ED2D94759000B37944 /* XCRemoteSwiftPackageReference "supabase-swift" */,
			);
			preferredProjectObjectVersion = 77;
			productRefGroup = CE8AE2AB2D888E2C001A93FF /* Products */;
			projectDirPath = "";
			projectRoot = "";
			targets = (
				CE8AE2A92D888E2C001A93FF /* LMS */,
				CE88E1D42D9D0FF800D10196 /* PustaklayaWidgitExtension */,
			);
		};
/* End PBXProject section */

/* Begin PBXResourcesBuildPhase section */
		CE88E1D32D9D0FF800D10196 /* Resources */ = {
			isa = PBXResourcesBuildPhase;
			buildActionMask = 2147483647;
			files = (
			);
			runOnlyForDeploymentPostprocessing = 0;
		};
		CE8AE2A82D888E2C001A93FF /* Resources */ = {
			isa = PBXResourcesBuildPhase;
			buildActionMask = 2147483647;
			files = (
			);
			runOnlyForDeploymentPostprocessing = 0;
		};
/* End PBXResourcesBuildPhase section */

/* Begin PBXSourcesBuildPhase section */
		CE88E1D12D9D0FF800D10196 /* Sources */ = {
			isa = PBXSourcesBuildPhase;
			buildActionMask = 2147483647;
			files = (
			);
			runOnlyForDeploymentPostprocessing = 0;
		};
		CE8AE2A62D888E2C001A93FF /* Sources */ = {
			isa = PBXSourcesBuildPhase;
			buildActionMask = 2147483647;
			files = (
			);
			runOnlyForDeploymentPostprocessing = 0;
		};
/* End PBXSourcesBuildPhase section */

/* Begin PBXTargetDependency section */
		CE88E1E52D9D0FFB00D10196 /* PBXTargetDependency */ = {
			isa = PBXTargetDependency;
			target = CE88E1D42D9D0FF800D10196 /* PustaklayaWidgitExtension */;
			targetProxy = CE88E1E42D9D0FFB00D10196 /* PBXContainerItemProxy */;
		};
/* End PBXTargetDependency section */

/* Begin XCBuildConfiguration section */
		CE88E1E82D9D0FFB00D10196 /* Debug */ = {
			isa = XCBuildConfiguration;
			buildSettings = {
				ASSETCATALOG_COMPILER_GLOBAL_ACCENT_COLOR_NAME = AccentColor;
				ASSETCATALOG_COMPILER_WIDGET_BACKGROUND_COLOR_NAME = WidgetBackground;
				CODE_SIGN_ENTITLEMENTS = PustaklayaWidgitExtension.entitlements;
				CODE_SIGN_STYLE = Automatic;
				CURRENT_PROJECT_VERSION = 1;
				DEVELOPMENT_TEAM = SART644AN3;
				ENABLE_HARDENED_RUNTIME = YES;
				GENERATE_INFOPLIST_FILE = YES;
				INFOPLIST_FILE = PustaklayaWidgit/Info.plist;
				INFOPLIST_KEY_CFBundleDisplayName = PustaklayaWidgit;
				INFOPLIST_KEY_NSHumanReadableCopyright = "";
				IPHONEOS_DEPLOYMENT_TARGET = 18.0;
				LD_RUNPATH_SEARCH_PATHS = (
					"$(inherited)",
					"@executable_path/Frameworks",
					"@executable_path/../../Frameworks",
				);
				MARKETING_VERSION = 1.0;
				PRODUCT_BUNDLE_IDENTIFIER = com.infosys04.pustakalaya.PustaklayaWidgit;
				PRODUCT_NAME = "$(TARGET_NAME)";
				SKIP_INSTALL = YES;
				SWIFT_EMIT_LOC_STRINGS = YES;
				SWIFT_VERSION = 5.0;
				TARGETED_DEVICE_FAMILY = "1,2";
			};
			name = Debug;
		};
		CE88E1E92D9D0FFB00D10196 /* Release */ = {
			isa = XCBuildConfiguration;
			buildSettings = {
				ASSETCATALOG_COMPILER_GLOBAL_ACCENT_COLOR_NAME = AccentColor;
				ASSETCATALOG_COMPILER_WIDGET_BACKGROUND_COLOR_NAME = WidgetBackground;
				CODE_SIGN_ENTITLEMENTS = PustaklayaWidgitExtension.entitlements;
				CODE_SIGN_STYLE = Automatic;
				CURRENT_PROJECT_VERSION = 1;
				DEVELOPMENT_TEAM = SART644AN3;
				GENERATE_INFOPLIST_FILE = YES;
				INFOPLIST_FILE = PustaklayaWidgit/Info.plist;
				INFOPLIST_KEY_CFBundleDisplayName = Pustakalaya;
				INFOPLIST_KEY_NSHumanReadableCopyright = "";
				INFOPLIST_KEY_NSSupportsLiveActivities = NO;
				IPHONEOS_DEPLOYMENT_TARGET = 18.0;
				LD_RUNPATH_SEARCH_PATHS = (
					"$(inherited)",
					"@executable_path/Frameworks",
					"@executable_path/../../Frameworks",
				);
				MARKETING_VERSION = 1.0;
				PRODUCT_BUNDLE_IDENTIFIER = com.infosys04.pustakalaya.PustaklayaWidgit;
				PRODUCT_NAME = "$(TARGET_NAME)";
				SKIP_INSTALL = YES;
				SWIFT_EMIT_LOC_STRINGS = YES;
				SWIFT_VERSION = 5.0;
				TARGETED_DEVICE_FAMILY = "1,2";
			};
			name = Release;
		};
		CE8AE2B62D888E2E001A93FF /* Debug */ = {
			isa = XCBuildConfiguration;
			buildSettings = {
				ALWAYS_SEARCH_USER_PATHS = NO;
				ASSETCATALOG_COMPILER_GENERATE_SWIFT_ASSET_SYMBOL_EXTENSIONS = YES;
				CLANG_ANALYZER_NONNULL = YES;
				CLANG_ANALYZER_NUMBER_OBJECT_CONVERSION = YES_AGGRESSIVE;
				CLANG_CXX_LANGUAGE_STANDARD = "gnu++20";
				CLANG_ENABLE_MODULES = YES;
				CLANG_ENABLE_OBJC_ARC = YES;
				CLANG_ENABLE_OBJC_WEAK = YES;
				CLANG_WARN_BLOCK_CAPTURE_AUTORELEASING = YES;
				CLANG_WARN_BOOL_CONVERSION = YES;
				CLANG_WARN_COMMA = YES;
				CLANG_WARN_CONSTANT_CONVERSION = YES;
				CLANG_WARN_DEPRECATED_OBJC_IMPLEMENTATIONS = YES;
				CLANG_WARN_DIRECT_OBJC_ISA_USAGE = YES_ERROR;
				CLANG_WARN_DOCUMENTATION_COMMENTS = YES;
				CLANG_WARN_EMPTY_BODY = YES;
				CLANG_WARN_ENUM_CONVERSION = YES;
				CLANG_WARN_INFINITE_RECURSION = YES;
				CLANG_WARN_INT_CONVERSION = YES;
				CLANG_WARN_NON_LITERAL_NULL_CONVERSION = YES;
				CLANG_WARN_OBJC_IMPLICIT_RETAIN_SELF = YES;
				CLANG_WARN_OBJC_LITERAL_CONVERSION = YES;
				CLANG_WARN_OBJC_ROOT_CLASS = YES_ERROR;
				CLANG_WARN_QUOTED_INCLUDE_IN_FRAMEWORK_HEADER = YES;
				CLANG_WARN_RANGE_LOOP_ANALYSIS = YES;
				CLANG_WARN_STRICT_PROTOTYPES = YES;
				CLANG_WARN_SUSPICIOUS_MOVE = YES;
				CLANG_WARN_UNGUARDED_AVAILABILITY = YES_AGGRESSIVE;
				CLANG_WARN_UNREACHABLE_CODE = YES;
				CLANG_WARN__DUPLICATE_METHOD_MATCH = YES;
				COPY_PHASE_STRIP = NO;
				DEBUG_INFORMATION_FORMAT = dwarf;
				DEVELOPMENT_TEAM = SART644AN3;
				ENABLE_STRICT_OBJC_MSGSEND = YES;
				ENABLE_TESTABILITY = YES;
				ENABLE_USER_SCRIPT_SANDBOXING = YES;
				GCC_C_LANGUAGE_STANDARD = gnu17;
				GCC_DYNAMIC_NO_PIC = NO;
				GCC_NO_COMMON_BLOCKS = YES;
				GCC_OPTIMIZATION_LEVEL = 0;
				GCC_PREPROCESSOR_DEFINITIONS = (
					"DEBUG=1",
					"$(inherited)",
				);
				GCC_WARN_64_TO_32_BIT_CONVERSION = YES;
				GCC_WARN_ABOUT_RETURN_TYPE = YES_ERROR;
				GCC_WARN_UNDECLARED_SELECTOR = YES;
				GCC_WARN_UNINITIALIZED_AUTOS = YES_AGGRESSIVE;
				GCC_WARN_UNUSED_FUNCTION = YES;
				GCC_WARN_UNUSED_VARIABLE = YES;
				IPHONEOS_DEPLOYMENT_TARGET = 18.2;
				LOCALIZATION_PREFERS_STRING_CATALOGS = YES;
				MTL_ENABLE_DEBUG_INFO = INCLUDE_SOURCE;
				MTL_FAST_MATH = YES;
				ONLY_ACTIVE_ARCH = YES;
				SDKROOT = iphoneos;
				SWIFT_ACTIVE_COMPILATION_CONDITIONS = "DEBUG $(inherited)";
				SWIFT_OPTIMIZATION_LEVEL = "-Onone";
			};
			name = Debug;
		};
		CE8AE2B72D888E2E001A93FF /* Release */ = {
			isa = XCBuildConfiguration;
			buildSettings = {
				ALWAYS_SEARCH_USER_PATHS = NO;
				ASSETCATALOG_COMPILER_GENERATE_SWIFT_ASSET_SYMBOL_EXTENSIONS = YES;
				CLANG_ANALYZER_NONNULL = YES;
				CLANG_ANALYZER_NUMBER_OBJECT_CONVERSION = YES_AGGRESSIVE;
				CLANG_CXX_LANGUAGE_STANDARD = "gnu++20";
				CLANG_ENABLE_MODULES = YES;
				CLANG_ENABLE_OBJC_ARC = YES;
				CLANG_ENABLE_OBJC_WEAK = YES;
				CLANG_WARN_BLOCK_CAPTURE_AUTORELEASING = YES;
				CLANG_WARN_BOOL_CONVERSION = YES;
				CLANG_WARN_COMMA = YES;
				CLANG_WARN_CONSTANT_CONVERSION = YES;
				CLANG_WARN_DEPRECATED_OBJC_IMPLEMENTATIONS = YES;
				CLANG_WARN_DIRECT_OBJC_ISA_USAGE = YES_ERROR;
				CLANG_WARN_DOCUMENTATION_COMMENTS = YES;
				CLANG_WARN_EMPTY_BODY = YES;
				CLANG_WARN_ENUM_CONVERSION = YES;
				CLANG_WARN_INFINITE_RECURSION = YES;
				CLANG_WARN_INT_CONVERSION = YES;
				CLANG_WARN_NON_LITERAL_NULL_CONVERSION = YES;
				CLANG_WARN_OBJC_IMPLICIT_RETAIN_SELF = YES;
				CLANG_WARN_OBJC_LITERAL_CONVERSION = YES;
				CLANG_WARN_OBJC_ROOT_CLASS = YES_ERROR;
				CLANG_WARN_QUOTED_INCLUDE_IN_FRAMEWORK_HEADER = YES;
				CLANG_WARN_RANGE_LOOP_ANALYSIS = YES;
				CLANG_WARN_STRICT_PROTOTYPES = YES;
				CLANG_WARN_SUSPICIOUS_MOVE = YES;
				CLANG_WARN_UNGUARDED_AVAILABILITY = YES_AGGRESSIVE;
				CLANG_WARN_UNREACHABLE_CODE = YES;
				CLANG_WARN__DUPLICATE_METHOD_MATCH = YES;
				COPY_PHASE_STRIP = NO;
				DEBUG_INFORMATION_FORMAT = "dwarf-with-dsym";
				DEVELOPMENT_TEAM = SART644AN3;
				ENABLE_NS_ASSERTIONS = NO;
				ENABLE_STRICT_OBJC_MSGSEND = YES;
				ENABLE_USER_SCRIPT_SANDBOXING = YES;
				GCC_C_LANGUAGE_STANDARD = gnu17;
				GCC_NO_COMMON_BLOCKS = YES;
				GCC_WARN_64_TO_32_BIT_CONVERSION = YES;
				GCC_WARN_ABOUT_RETURN_TYPE = YES_ERROR;
				GCC_WARN_UNDECLARED_SELECTOR = YES;
				GCC_WARN_UNINITIALIZED_AUTOS = YES_AGGRESSIVE;
				GCC_WARN_UNUSED_FUNCTION = YES;
				GCC_WARN_UNUSED_VARIABLE = YES;
				IPHONEOS_DEPLOYMENT_TARGET = 18.2;
				LOCALIZATION_PREFERS_STRING_CATALOGS = YES;
				MTL_ENABLE_DEBUG_INFO = NO;
				MTL_FAST_MATH = YES;
				SDKROOT = iphoneos;
				SWIFT_COMPILATION_MODE = wholemodule;
				VALIDATE_PRODUCT = YES;
			};
			name = Release;
		};
		CE8AE2B92D888E2E001A93FF /* Debug */ = {
			isa = XCBuildConfiguration;
			buildSettings = {
				ASSETCATALOG_COMPILER_APPICON_NAME = AppIcon;
				ASSETCATALOG_COMPILER_GLOBAL_ACCENT_COLOR_NAME = AccentColor;
				CODE_SIGN_ENTITLEMENTS = LMS/LMS.entitlements;
				CODE_SIGN_STYLE = Automatic;
				CURRENT_PROJECT_VERSION = 1;
				DEVELOPMENT_ASSET_PATHS = "\"LMS/Preview Content\"";
				DEVELOPMENT_TEAM = SART644AN3;
				ENABLE_PREVIEWS = YES;
				GENERATE_INFOPLIST_FILE = YES;
				INFOPLIST_FILE = LMS/Info.plist;
				INFOPLIST_KEY_NSCameraUsageDescription = "Using camera to scan member QR Codes and Book ISBN codes";
				INFOPLIST_KEY_NSMicrophoneUsageDescription = "We need microphone access to enable voice commands for library functions like book scanning and issuing.";
				INFOPLIST_KEY_NSSpeechRecognitionUsageDescription = "We use speech recognition to enable voice commands for managing books and accessibility features.";
				INFOPLIST_KEY_UIApplicationSceneManifest_Generation = YES;
				INFOPLIST_KEY_UIApplicationSupportsIndirectInputEvents = YES;
				INFOPLIST_KEY_UILaunchScreen_Generation = YES;
				INFOPLIST_KEY_UISupportedInterfaceOrientations_iPad = "UIInterfaceOrientationPortrait UIInterfaceOrientationPortraitUpsideDown UIInterfaceOrientationLandscapeLeft UIInterfaceOrientationLandscapeRight";
				INFOPLIST_KEY_UISupportedInterfaceOrientations_iPhone = "UIInterfaceOrientationPortrait UIInterfaceOrientationLandscapeLeft UIInterfaceOrientationLandscapeRight";
				IPHONEOS_DEPLOYMENT_TARGET = 18.0;
				LD_RUNPATH_SEARCH_PATHS = (
					"$(inherited)",
					"@executable_path/Frameworks",
				);
				MARKETING_VERSION = 1.0;
				PRODUCT_BUNDLE_IDENTIFIER = com.infosys04.pustakalaya;
				PRODUCT_NAME = "$(TARGET_NAME)";
				SWIFT_EMIT_LOC_STRINGS = YES;
				SWIFT_VERSION = 5.0;
				TARGETED_DEVICE_FAMILY = "1,2";
			};
			name = Debug;
		};
		CE8AE2BA2D888E2E001A93FF /* Release */ = {
			isa = XCBuildConfiguration;
			buildSettings = {
				ASSETCATALOG_COMPILER_APPICON_NAME = AppIcon;
				ASSETCATALOG_COMPILER_GLOBAL_ACCENT_COLOR_NAME = AccentColor;
				CODE_SIGN_ENTITLEMENTS = LMS/LMSRelease.entitlements;
				CODE_SIGN_STYLE = Automatic;
				CURRENT_PROJECT_VERSION = 1;
				DEVELOPMENT_ASSET_PATHS = "\"LMS/Preview Content\"";
				DEVELOPMENT_TEAM = SART644AN3;
				ENABLE_PREVIEWS = YES;
				GENERATE_INFOPLIST_FILE = YES;
				INFOPLIST_FILE = LMS/Info.plist;
				INFOPLIST_KEY_NSCameraUsageDescription = "Using camera to scan member QR Codes and Book ISBN codes";
				INFOPLIST_KEY_NSMicrophoneUsageDescription = "We need microphone access to enable voice commands for library functions like book scanning and issuing.";
				INFOPLIST_KEY_NSSpeechRecognitionUsageDescription = "We use speech recognition to enable voice commands for managing books and accessibility features.";
				INFOPLIST_KEY_UIApplicationSceneManifest_Generation = YES;
				INFOPLIST_KEY_UIApplicationSupportsIndirectInputEvents = YES;
				INFOPLIST_KEY_UILaunchScreen_Generation = YES;
				INFOPLIST_KEY_UISupportedInterfaceOrientations_iPad = "UIInterfaceOrientationPortrait UIInterfaceOrientationPortraitUpsideDown UIInterfaceOrientationLandscapeLeft UIInterfaceOrientationLandscapeRight";
				INFOPLIST_KEY_UISupportedInterfaceOrientations_iPhone = "UIInterfaceOrientationPortrait UIInterfaceOrientationLandscapeLeft UIInterfaceOrientationLandscapeRight";
				IPHONEOS_DEPLOYMENT_TARGET = 18.0;
				LD_RUNPATH_SEARCH_PATHS = (
					"$(inherited)",
					"@executable_path/Frameworks",
				);
				MARKETING_VERSION = 1.0;
				PRODUCT_BUNDLE_IDENTIFIER = com.infosys04.pustakalaya;
				PRODUCT_NAME = "$(TARGET_NAME)";
				SWIFT_EMIT_LOC_STRINGS = YES;
				SWIFT_VERSION = 5.0;
				TARGETED_DEVICE_FAMILY = "1,2";
			};
			name = Release;
		};
/* End XCBuildConfiguration section */

/* Begin XCConfigurationList section */
		CE88E1E72D9D0FFB00D10196 /* Build configuration list for PBXNativeTarget "PustaklayaWidgitExtension" */ = {
			isa = XCConfigurationList;
			buildConfigurations = (
				CE88E1E82D9D0FFB00D10196 /* Debug */,
				CE88E1E92D9D0FFB00D10196 /* Release */,
			);
			defaultConfigurationIsVisible = 0;
			defaultConfigurationName = Release;
		};
		CE8AE2A52D888E2C001A93FF /* Build configuration list for PBXProject "LMS" */ = {
			isa = XCConfigurationList;
			buildConfigurations = (
				CE8AE2B62D888E2E001A93FF /* Debug */,
				CE8AE2B72D888E2E001A93FF /* Release */,
			);
			defaultConfigurationIsVisible = 0;
			defaultConfigurationName = Release;
		};
		CE8AE2B82D888E2E001A93FF /* Build configuration list for PBXNativeTarget "LMS" */ = {
			isa = XCConfigurationList;
			buildConfigurations = (
				CE8AE2B92D888E2E001A93FF /* Debug */,
				CE8AE2BA2D888E2E001A93FF /* Release */,
			);
			defaultConfigurationIsVisible = 0;
			defaultConfigurationName = Release;
		};
/* End XCConfigurationList section */

/* Begin XCRemoteSwiftPackageReference section */
		CECF48EA2D94756F00B37944 /* XCRemoteSwiftPackageReference "Swift-SMTP" */ = {
			isa = XCRemoteSwiftPackageReference;
			repositoryURL = "https://github.com/Kitura/Swift-SMTP";
			requirement = {
				kind = upToNextMajorVersion;
				minimumVersion = 6.0.0;
			};
		};
		CECF48ED2D94759000B37944 /* XCRemoteSwiftPackageReference "supabase-swift" */ = {
			isa = XCRemoteSwiftPackageReference;
			repositoryURL = "https://github.com/supabase/supabase-swift.git";
			requirement = {
				kind = upToNextMajorVersion;
				minimumVersion = 2.5.1;
			};
		};
/* End XCRemoteSwiftPackageReference section */

/* Begin XCSwiftPackageProductDependency section */
		CECF48EB2D94756F00B37944 /* SwiftSMTP */ = {
			isa = XCSwiftPackageProductDependency;
			package = CECF48EA2D94756F00B37944 /* XCRemoteSwiftPackageReference "Swift-SMTP" */;
			productName = SwiftSMTP;
		};
		CECF48EE2D94759000B37944 /* Auth */ = {
			isa = XCSwiftPackageProductDependency;
			package = CECF48ED2D94759000B37944 /* XCRemoteSwiftPackageReference "supabase-swift" */;
			productName = Auth;
		};
		CECF48F02D94759000B37944 /* Functions */ = {
			isa = XCSwiftPackageProductDependency;
			package = CECF48ED2D94759000B37944 /* XCRemoteSwiftPackageReference "supabase-swift" */;
			productName = Functions;
		};
		CECF48F22D94759000B37944 /* PostgREST */ = {
			isa = XCSwiftPackageProductDependency;
			package = CECF48ED2D94759000B37944 /* XCRemoteSwiftPackageReference "supabase-swift" */;
			productName = PostgREST;
		};
		CECF48F42D94759000B37944 /* Realtime */ = {
			isa = XCSwiftPackageProductDependency;
			package = CECF48ED2D94759000B37944 /* XCRemoteSwiftPackageReference "supabase-swift" */;
			productName = Realtime;
		};
		CECF48F62D94759000B37944 /* Storage */ = {
			isa = XCSwiftPackageProductDependency;
			package = CECF48ED2D94759000B37944 /* XCRemoteSwiftPackageReference "supabase-swift" */;
			productName = Storage;
		};
		CECF48F82D94759100B37944 /* Supabase */ = {
			isa = XCSwiftPackageProductDependency;
			package = CECF48ED2D94759000B37944 /* XCRemoteSwiftPackageReference "supabase-swift" */;
			productName = Supabase;
		};
/* End XCSwiftPackageProductDependency section */
	};
	rootObject = CE8AE2A22D888E2C001A93FF /* Project object */;
}
